
Microsoft Visual Studio Solution File, Format Version 12.00
# Visual Studio Version 17
VisualStudioVersion = 17.9.34728.123
MinimumVisualStudioVersion = 10.0.40219.1
Project("{FAE04EC0-301F-11D3-BF4B-00C04F79EFBC}") = "Week14OOP", "Week14OOP\Week14OOP.csproj", "{10078346-0A7E-41F8-BB88-19BC329C0DAB}"
EndProject
Global
	GlobalSection(SolutionConfigurationPlatforms) = preSolution
		Debug|Any CPU = Debug|Any CPU
		Release|Any CPU = Release|Any CPU
	EndGlobalSection
	GlobalSection(ProjectConfigurationPlatforms) = postSolution
		{10078346-0A7E-41F8-BB88-19BC329C0DAB}.Debug|Any CPU.ActiveCfg = Debug|Any CPU
		{10078346-0A7E-41F8-BB88-19BC329C0DAB}.Debug|Any CPU.Build.0 = Debug|Any CPU
		{10078346-0A7E-41F8-BB88-19BC329C0DAB}.Release|Any CPU.ActiveCfg = Release|Any CPU
		{10078346-0A7E-41F8-BB88-19BC329C0DAB}.Release|Any CPU.Build.0 = Release|Any CPU
	EndGlobalSection
	GlobalSection(SolutionProperties) = preSolution
		HideSolutionNode = FALSE
	EndGlobalSection
	GlobalSection(ExtensibilityGlobals) = postSolution
		SolutionGuid = {208207A1-CFC9-4CDB-9E64-BFC06211D91F}
	EndGlobalSection
EndGlobal
